
Microsoft Visual Studio Solution File, Format Version 12.00
# Visual Studio Version 16
VisualStudioVersion = 16.0.29613.14
MinimumVisualStudioVersion = 10.0.40219.1
Project("{FAE04EC0-301F-11D3-BF4B-00C04F79EFBC}") = "ch4-table-of-powers-project4-1", "ch4-table-of-powers-project4-1\ch4-table-of-powers-project4-1.csproj", "{F9D8D872-7554-4941-8853-0CCA5AC98386}"
EndProject
Global
	GlobalSection(SolutionConfigurationPlatforms) = preSolution
		Debug|Any CPU = Debug|Any CPU
		Release|Any CPU = Release|Any CPU
	EndGlobalSection
	GlobalSection(ProjectConfigurationPlatforms) = postSolution
		{F9D8D872-7554-4941-8853-0CCA5AC98386}.Debug|Any CPU.ActiveCfg = Debug|Any CPU
		{F9D8D872-7554-4941-8853-0CCA5AC98386}.Debug|Any CPU.Build.0 = Debug|Any CPU
		{F9D8D872-7554-4941-8853-0CCA5AC98386}.Release|Any CPU.ActiveCfg = Release|Any CPU
		{F9D8D872-7554-4941-8853-0CCA5AC98386}.Release|Any CPU.Build.0 = Release|Any CPU
	EndGlobalSection
	GlobalSection(SolutionProperties) = preSolution
		HideSolutionNode = FALSE
	EndGlobalSection
	GlobalSection(ExtensibilityGlobals) = postSolution
		SolutionGuid = {A70B99C2-EB6F-4ECC-99B6-F79FE22867DD}
	EndGlobalSection
EndGlobal
