
Microsoft Visual Studio Solution File, Format Version 12.00
# Visual Studio Version 16
VisualStudioVersion = 16.0.29613.14
MinimumVisualStudioVersion = 10.0.40219.1
Project("{FAE04EC0-301F-11D3-BF4B-00C04F79EFBC}") = "ch3-data-types", "ch3-data-types\ch3-data-types.csproj", "{D42E9C66-2D8C-4FD2-8FCC-B592F79AC6E3}"
EndProject
Global
	GlobalSection(SolutionConfigurationPlatforms) = preSolution
		Debug|Any CPU = Debug|Any CPU
		Release|Any CPU = Release|Any CPU
	EndGlobalSection
	GlobalSection(ProjectConfigurationPlatforms) = postSolution
		{D42E9C66-2D8C-4FD2-8FCC-B592F79AC6E3}.Debug|Any CPU.ActiveCfg = Debug|Any CPU
		{D42E9C66-2D8C-4FD2-8FCC-B592F79AC6E3}.Debug|Any CPU.Build.0 = Debug|Any CPU
		{D42E9C66-2D8C-4FD2-8FCC-B592F79AC6E3}.Release|Any CPU.ActiveCfg = Release|Any CPU
		{D42E9C66-2D8C-4FD2-8FCC-B592F79AC6E3}.Release|Any CPU.Build.0 = Release|Any CPU
	EndGlobalSection
	GlobalSection(SolutionProperties) = preSolution
		HideSolutionNode = FALSE
	EndGlobalSection
	GlobalSection(ExtensibilityGlobals) = postSolution
		SolutionGuid = {976D44A0-56EB-42AB-82A5-82EAD0F809C5}
	EndGlobalSection
EndGlobal
