
Microsoft Visual Studio Solution File, Format Version 12.00
# Visual Studio Version 16
VisualStudioVersion = 16.0.29613.14
MinimumVisualStudioVersion = 10.0.40219.1
Project("{FAE04EC0-301F-11D3-BF4B-00C04F79EFBC}") = "ch12-wizard-inventory", "ch12-wizard-inventory\ch12-wizard-inventory.csproj", "{149C18A3-73CE-425E-9807-4613AC5E39BD}"
EndProject
Global
	GlobalSection(SolutionConfigurationPlatforms) = preSolution
		Debug|Any CPU = Debug|Any CPU
		Release|Any CPU = Release|Any CPU
	EndGlobalSection
	GlobalSection(ProjectConfigurationPlatforms) = postSolution
		{149C18A3-73CE-425E-9807-4613AC5E39BD}.Debug|Any CPU.ActiveCfg = Debug|Any CPU
		{149C18A3-73CE-425E-9807-4613AC5E39BD}.Debug|Any CPU.Build.0 = Debug|Any CPU
		{149C18A3-73CE-425E-9807-4613AC5E39BD}.Release|Any CPU.ActiveCfg = Release|Any CPU
		{149C18A3-73CE-425E-9807-4613AC5E39BD}.Release|Any CPU.Build.0 = Release|Any CPU
	EndGlobalSection
	GlobalSection(SolutionProperties) = preSolution
		HideSolutionNode = FALSE
	EndGlobalSection
	GlobalSection(ExtensibilityGlobals) = postSolution
		SolutionGuid = {6341F969-D595-4298-95ED-8476FADA916B}
	EndGlobalSection
EndGlobal
